// !$*UTF8*$!
{
	archiveVersion = 1;
	classes = {
	};
	objectVersion = 60;
	objects = {

/* Begin PBXBuildFile section */
		1379EC202C09FD9700142B8D /* MAad.swift in Sources */ = {isa = PBXBuildFile; fileRef = 1379EC0C2C09FD9700142B8D /* MAad.swift */; };
		1379EC212C09FD9700142B8D /* MAadClientBase.swift in Sources */ = {isa = PBXBuildFile; fileRef = 1379EC0D2C09FD9700142B8D /* MAadClientBase.swift */; };
		1379EC222C09FD9700142B8D /* SessionUserInformation.swift in Sources */ = {isa = PBXBuildFile; fileRef = 1379EC0F2C09FD9700142B8D /* SessionUserInformation.swift */; };
		1379EC232C09FD9700142B8D /* MRECAd.swift in Sources */ = {isa = PBXBuildFile; fileRef = 1379EC112C09FD9700142B8D /* MRECAd.swift */; };
		1379EC242C09FD9700142B8D /* MRECMAadClient.swift in Sources */ = {isa = PBXBuildFile; fileRef = 1379EC122C09FD9700142B8D /* MRECMAadClient.swift */; };
		1379EC252C09FD9700142B8D /* NativeAd.swift in Sources */ = {isa = PBXBuildFile; fileRef = 1379EC142C09FD9700142B8D /* NativeAd.swift */; };
		1379EC262C09FD9700142B8D /* NativeMAadClient.swift in Sources */ = {isa = PBXBuildFile; fileRef = 1379EC152C09FD9700142B8D /* NativeMAadClient.swift */; };
		1379EC272C09FD9700142B8D /* MRECAdView.swift in Sources */ = {isa = PBXBuildFile; fileRef = 1379EC172C09FD9700142B8D /* MRECAdView.swift */; };
		1379EC282C09FD9700142B8D /* NativeAdView.swift in Sources */ = {isa = PBXBuildFile; fileRef = 1379EC182C09FD9700142B8D /* NativeAdView.swift */; };
		1379EC292C09FD9700142B8D /* AdAnalytics.swift in Sources */ = {isa = PBXBuildFile; fileRef = 1379EC1A2C09FD9700142B8D /* AdAnalytics.swift */; };
		1379EC2A2C09FD9700142B8D /* AdClient.swift in Sources */ = {isa = PBXBuildFile; fileRef = 1379EC1B2C09FD9700142B8D /* AdClient.swift */; };
		1379EC2C2C09FD9700142B8D /* AdCoordinator.swift in Sources */ = {isa = PBXBuildFile; fileRef = 1379EC1D2C09FD9700142B8D /* AdCoordinator.swift */; };
		1379EC2D2C09FD9700142B8D /* AdInitializer.swift in Sources */ = {isa = PBXBuildFile; fileRef = 1379EC1E2C09FD9700142B8D /* AdInitializer.swift */; };
		1379EC302C0A038300142B8D /* Config.swift in Sources */ = {isa = PBXBuildFile; fileRef = 1379EC2F2C0A038300142B8D /* Config.swift */; };
		1379EC322C0A03A300142B8D /* PrivacyPurpose.swift in Sources */ = {isa = PBXBuildFile; fileRef = 1379EC312C0A03A300142B8D /* PrivacyPurpose.swift */; };
		23D049EB5576E7E3D17CA5DD /* libPods-voodoo-gdpr-sp-sample-ios.a in Frameworks */ = {isa = PBXBuildFile; fileRef = E28CC5A6615CCCFAA2D5B737 /* libPods-voodoo-gdpr-sp-sample-ios.a */; };
		621EB591322911DCC4DC4CA8 /* AppLovinQualityService.xcframework in AppLovinQualityService Embed Framework */ = {isa = PBXBuildFile; fileRef = D318223CFB95BC5185B539B3 /* AppLovinQualityService.xcframework */; settings = {ATTRIBUTES = (CodeSignOnCopy, RemoveHeadersOnCopy, ); }; };
		87EDD01827588CE6110C9DB7 /* AppLovinQualityService.xcframework in Frameworks */ = {isa = PBXBuildFile; fileRef = D318223CFB95BC5185B539B3 /* AppLovinQualityService.xcframework */; };
		DEDC72AD2C088413006ED1F1 /* ContentView.swift in Sources */ = {isa = PBXBuildFile; fileRef = DEDC72AC2C088413006ED1F1 /* ContentView.swift */; };
		DEDC72AF2C088415006ED1F1 /* Assets.xcassets in Resources */ = {isa = PBXBuildFile; fileRef = DEDC72AE2C088415006ED1F1 /* Assets.xcassets */; };
		DEDC72B22C088415006ED1F1 /* Preview Assets.xcassets in Resources */ = {isa = PBXBuildFile; fileRef = DEDC72B12C088415006ED1F1 /* Preview Assets.xcassets */; };
		DEDC72BE2C088432006ED1F1 /* PrivacyATTManager.swift in Sources */ = {isa = PBXBuildFile; fileRef = DEDC72B92C088432006ED1F1 /* PrivacyATTManager.swift */; };
		DEDC72C02C088432006ED1F1 /* PrivacyConsent.swift in Sources */ = {isa = PBXBuildFile; fileRef = DEDC72BB2C088432006ED1F1 /* PrivacyConsent.swift */; };
		DEDC72C12C088432006ED1F1 /* PrivacyManager.swift in Sources */ = {isa = PBXBuildFile; fileRef = DEDC72BC2C088432006ED1F1 /* PrivacyManager.swift */; };
		DEDC72C92C0884CC006ED1F1 /* AppDelegate.swift in Sources */ = {isa = PBXBuildFile; fileRef = DEDC72C82C0884CC006ED1F1 /* AppDelegate.swift */; };
		DEDC72CC2C088506006ED1F1 /* ConsentViewControllerRepresentable.swift in Sources */ = {isa = PBXBuildFile; fileRef = DEDC72CB2C088506006ED1F1 /* ConsentViewControllerRepresentable.swift */; };
		DEDC72D02C08D148006ED1F1 /* PrivacyLanguageMapper.swift in Sources */ = {isa = PBXBuildFile; fileRef = DEDC72CF2C08D148006ED1F1 /* PrivacyLanguageMapper.swift */; };
/* End PBXBuildFile section */

/* Begin PBXCopyFilesBuildPhase section */
		8F0F348C2D7B3DECB9ED59DE /* AppLovinQualityService Embed Framework */ = {
			isa = PBXCopyFilesBuildPhase;
			buildActionMask = 2147483647;
			dstPath = "";
			dstSubfolderSpec = 10;
			files = (
				621EB591322911DCC4DC4CA8 /* AppLovinQualityService.xcframework in AppLovinQualityService Embed Framework */,
			);
			name = "AppLovinQualityService Embed Framework";
			runOnlyForDeploymentPostprocessing = 0;
		};
/* End PBXCopyFilesBuildPhase section */

/* Begin PBXFileReference section */
		1379EC0C2C09FD9700142B8D /* MAad.swift */ = {isa = PBXFileReference; fileEncoding = 4; lastKnownFileType = sourcecode.swift; path = MAad.swift; sourceTree = "<group>"; };
		1379EC0D2C09FD9700142B8D /* MAadClientBase.swift */ = {isa = PBXFileReference; fileEncoding = 4; lastKnownFileType = sourcecode.swift; path = MAadClientBase.swift; sourceTree = "<group>"; };
		1379EC0F2C09FD9700142B8D /* SessionUserInformation.swift */ = {isa = PBXFileReference; fileEncoding = 4; lastKnownFileType = sourcecode.swift; path = SessionUserInformation.swift; sourceTree = "<group>"; };
		1379EC112C09FD9700142B8D /* MRECAd.swift */ = {isa = PBXFileReference; fileEncoding = 4; lastKnownFileType = sourcecode.swift; path = MRECAd.swift; sourceTree = "<group>"; };
		1379EC122C09FD9700142B8D /* MRECMAadClient.swift */ = {isa = PBXFileReference; fileEncoding = 4; lastKnownFileType = sourcecode.swift; path = MRECMAadClient.swift; sourceTree = "<group>"; };
		1379EC142C09FD9700142B8D /* NativeAd.swift */ = {isa = PBXFileReference; fileEncoding = 4; lastKnownFileType = sourcecode.swift; path = NativeAd.swift; sourceTree = "<group>"; };
		1379EC152C09FD9700142B8D /* NativeMAadClient.swift */ = {isa = PBXFileReference; fileEncoding = 4; lastKnownFileType = sourcecode.swift; path = NativeMAadClient.swift; sourceTree = "<group>"; };
		1379EC172C09FD9700142B8D /* MRECAdView.swift */ = {isa = PBXFileReference; fileEncoding = 4; lastKnownFileType = sourcecode.swift; path = MRECAdView.swift; sourceTree = "<group>"; };
		1379EC182C09FD9700142B8D /* NativeAdView.swift */ = {isa = PBXFileReference; fileEncoding = 4; lastKnownFileType = sourcecode.swift; path = NativeAdView.swift; sourceTree = "<group>"; };
		1379EC1A2C09FD9700142B8D /* AdAnalytics.swift */ = {isa = PBXFileReference; fileEncoding = 4; lastKnownFileType = sourcecode.swift; path = AdAnalytics.swift; sourceTree = "<group>"; };
		1379EC1B2C09FD9700142B8D /* AdClient.swift */ = {isa = PBXFileReference; fileEncoding = 4; lastKnownFileType = sourcecode.swift; path = AdClient.swift; sourceTree = "<group>"; };
		1379EC1D2C09FD9700142B8D /* AdCoordinator.swift */ = {isa = PBXFileReference; fileEncoding = 4; lastKnownFileType = sourcecode.swift; path = AdCoordinator.swift; sourceTree = "<group>"; };
		1379EC1E2C09FD9700142B8D /* AdInitializer.swift */ = {isa = PBXFileReference; fileEncoding = 4; lastKnownFileType = sourcecode.swift; path = AdInitializer.swift; sourceTree = "<group>"; };
		1379EC2F2C0A038300142B8D /* Config.swift */ = {isa = PBXFileReference; lastKnownFileType = sourcecode.swift; path = Config.swift; sourceTree = "<group>"; };
		1379EC312C0A03A300142B8D /* PrivacyPurpose.swift */ = {isa = PBXFileReference; lastKnownFileType = sourcecode.swift; path = PrivacyPurpose.swift; sourceTree = "<group>"; };
		361327BF6DD735930DEEB2D3 /* Pods-voodoo-gdpr-sp-sample-ios.release.xcconfig */ = {isa = PBXFileReference; includeInIndex = 1; lastKnownFileType = text.xcconfig; name = "Pods-voodoo-gdpr-sp-sample-ios.release.xcconfig"; path = "Target Support Files/Pods-voodoo-gdpr-sp-sample-ios/Pods-voodoo-gdpr-sp-sample-ios.release.xcconfig"; sourceTree = "<group>"; };
		D318223CFB95BC5185B539B3 /* AppLovinQualityService.xcframework */ = {isa = PBXFileReference; expectedSignature = "AppleDeveloperProgram:B8HZ37M8S5:SafeDK Mobile Ltd."; includeInIndex = 1; lastKnownFileType = wrapper.xcframework; name = AppLovinQualityService.xcframework; path = AppLovinQualityService/AppLovinQualityService.xcframework; sourceTree = "<group>"; };
		DEDC72A72C088413006ED1F1 /* voodoo-gdpr-sp-sample-ios.app */ = {isa = PBXFileReference; explicitFileType = wrapper.application; includeInIndex = 0; path = "voodoo-gdpr-sp-sample-ios.app"; sourceTree = BUILT_PRODUCTS_DIR; };
		DEDC72AC2C088413006ED1F1 /* ContentView.swift */ = {isa = PBXFileReference; lastKnownFileType = sourcecode.swift; path = ContentView.swift; sourceTree = "<group>"; };
		DEDC72AE2C088415006ED1F1 /* Assets.xcassets */ = {isa = PBXFileReference; lastKnownFileType = folder.assetcatalog; path = Assets.xcassets; sourceTree = "<group>"; };
		DEDC72B12C088415006ED1F1 /* Preview Assets.xcassets */ = {isa = PBXFileReference; lastKnownFileType = folder.assetcatalog; path = "Preview Assets.xcassets"; sourceTree = "<group>"; };
		DEDC72B92C088432006ED1F1 /* PrivacyATTManager.swift */ = {isa = PBXFileReference; fileEncoding = 4; lastKnownFileType = sourcecode.swift; path = PrivacyATTManager.swift; sourceTree = "<group>"; };
		DEDC72BB2C088432006ED1F1 /* PrivacyConsent.swift */ = {isa = PBXFileReference; fileEncoding = 4; lastKnownFileType = sourcecode.swift; path = PrivacyConsent.swift; sourceTree = "<group>"; };
		DEDC72BC2C088432006ED1F1 /* PrivacyManager.swift */ = {isa = PBXFileReference; fileEncoding = 4; lastKnownFileType = sourcecode.swift; path = PrivacyManager.swift; sourceTree = "<group>"; };
		DEDC72C82C0884CC006ED1F1 /* AppDelegate.swift */ = {isa = PBXFileReference; fileEncoding = 4; lastKnownFileType = sourcecode.swift; path = AppDelegate.swift; sourceTree = "<group>"; };
		DEDC72CB2C088506006ED1F1 /* ConsentViewControllerRepresentable.swift */ = {isa = PBXFileReference; fileEncoding = 4; lastKnownFileType = sourcecode.swift; path = ConsentViewControllerRepresentable.swift; sourceTree = "<group>"; };
		DEDC72CE2C088552006ED1F1 /* Info.plist */ = {isa = PBXFileReference; lastKnownFileType = text.plist; path = Info.plist; sourceTree = "<group>"; };
		DEDC72CF2C08D148006ED1F1 /* PrivacyLanguageMapper.swift */ = {isa = PBXFileReference; lastKnownFileType = sourcecode.swift; path = PrivacyLanguageMapper.swift; sourceTree = "<group>"; };
		E28CC5A6615CCCFAA2D5B737 /* libPods-voodoo-gdpr-sp-sample-ios.a */ = {isa = PBXFileReference; explicitFileType = archive.ar; includeInIndex = 0; path = "libPods-voodoo-gdpr-sp-sample-ios.a"; sourceTree = BUILT_PRODUCTS_DIR; };
		FA0C026B4355D515B1CB9B10 /* Pods-voodoo-gdpr-sp-sample-ios.debug.xcconfig */ = {isa = PBXFileReference; includeInIndex = 1; lastKnownFileType = text.xcconfig; name = "Pods-voodoo-gdpr-sp-sample-ios.debug.xcconfig"; path = "Target Support Files/Pods-voodoo-gdpr-sp-sample-ios/Pods-voodoo-gdpr-sp-sample-ios.debug.xcconfig"; sourceTree = "<group>"; };
/* End PBXFileReference section */

/* Begin PBXFrameworksBuildPhase section */
		DEDC72A42C088413006ED1F1 /* Frameworks */ = {
			isa = PBXFrameworksBuildPhase;
			buildActionMask = 2147483647;
			files = (
				87EDD01827588CE6110C9DB7 /* AppLovinQualityService.xcframework in Frameworks */,
				23D049EB5576E7E3D17CA5DD /* libPods-voodoo-gdpr-sp-sample-ios.a in Frameworks */,
			);
			runOnlyForDeploymentPostprocessing = 0;
		};
/* End PBXFrameworksBuildPhase section */

/* Begin PBXGroup section */
		1379EC0E2C09FD9700142B8D /* Max */ = {
			isa = PBXGroup;
			children = (
				1379EC0C2C09FD9700142B8D /* MAad.swift */,
				1379EC0D2C09FD9700142B8D /* MAadClientBase.swift */,
			);
			path = Max;
			sourceTree = "<group>";
		};
		1379EC102C09FD9700142B8D /* Model */ = {
			isa = PBXGroup;
			children = (
				1379EC0F2C09FD9700142B8D /* SessionUserInformation.swift */,
			);
			path = Model;
			sourceTree = "<group>";
		};
		1379EC132C09FD9700142B8D /* MREC */ = {
			isa = PBXGroup;
			children = (
				1379EC112C09FD9700142B8D /* MRECAd.swift */,
				1379EC122C09FD9700142B8D /* MRECMAadClient.swift */,
			);
			path = MREC;
			sourceTree = "<group>";
		};
		1379EC162C09FD9700142B8D /* Native */ = {
			isa = PBXGroup;
			children = (
				1379EC142C09FD9700142B8D /* NativeAd.swift */,
				1379EC152C09FD9700142B8D /* NativeMAadClient.swift */,
			);
			path = Native;
			sourceTree = "<group>";
		};
		1379EC192C09FD9700142B8D /* View */ = {
			isa = PBXGroup;
			children = (
				1379EC172C09FD9700142B8D /* MRECAdView.swift */,
				1379EC182C09FD9700142B8D /* NativeAdView.swift */,
			);
			path = View;
			sourceTree = "<group>";
		};
		1379EC1F2C09FD9700142B8D /* Ads */ = {
			isa = PBXGroup;
			children = (
				1379EC0E2C09FD9700142B8D /* Max */,
				1379EC102C09FD9700142B8D /* Model */,
				1379EC132C09FD9700142B8D /* MREC */,
				1379EC162C09FD9700142B8D /* Native */,
				1379EC192C09FD9700142B8D /* View */,
				1379EC1A2C09FD9700142B8D /* AdAnalytics.swift */,
				1379EC1B2C09FD9700142B8D /* AdClient.swift */,
				1379EC1D2C09FD9700142B8D /* AdCoordinator.swift */,
				1379EC1E2C09FD9700142B8D /* AdInitializer.swift */,
			);
			path = Ads;
			sourceTree = "<group>";
		};
		1379EC2E2C09FFE800142B8D /* View */ = {
			isa = PBXGroup;
			children = (
				DEDC72CB2C088506006ED1F1 /* ConsentViewControllerRepresentable.swift */,
			);
			path = View;
			sourceTree = "<group>";
		};
		8DF643F9FAD49F1FE46D272D /* AppLovinQualityService */ = {
			isa = PBXGroup;
			children = (
				D318223CFB95BC5185B539B3 /* AppLovinQualityService.xcframework */,
			);
			name = AppLovinQualityService;
			sourceTree = "<group>";
		};
		BEA4E82949C4A539A5856128 /* Pods */ = {
			isa = PBXGroup;
			children = (
				FA0C026B4355D515B1CB9B10 /* Pods-voodoo-gdpr-sp-sample-ios.debug.xcconfig */,
				361327BF6DD735930DEEB2D3 /* Pods-voodoo-gdpr-sp-sample-ios.release.xcconfig */,
			);
			path = Pods;
			sourceTree = "<group>";
		};
		DEDC729E2C088413006ED1F1 = {
			isa = PBXGroup;
			children = (
				DEDC72A92C088413006ED1F1 /* voodoo-gdpr-sp-sample-ios */,
				DEDC72A82C088413006ED1F1 /* Products */,
				BEA4E82949C4A539A5856128 /* Pods */,
				E0CC3C3748AB47C50E976532 /* Frameworks */,
				8DF643F9FAD49F1FE46D272D /* AppLovinQualityService */,
			);
			sourceTree = "<group>";
		};
		DEDC72A82C088413006ED1F1 /* Products */ = {
			isa = PBXGroup;
			children = (
				DEDC72A72C088413006ED1F1 /* voodoo-gdpr-sp-sample-ios.app */,
			);
			name = Products;
			sourceTree = "<group>";
		};
		DEDC72A92C088413006ED1F1 /* voodoo-gdpr-sp-sample-ios */ = {
			isa = PBXGroup;
			children = (
				DEDC72CE2C088552006ED1F1 /* Info.plist */,
				1379EC2F2C0A038300142B8D /* Config.swift */,
				1379EC1F2C09FD9700142B8D /* Ads */,
				DEDC72B82C088423006ED1F1 /* Privacy */,
				DEDC72AC2C088413006ED1F1 /* ContentView.swift */,
				DEDC72C82C0884CC006ED1F1 /* AppDelegate.swift */,
				DEDC72AE2C088415006ED1F1 /* Assets.xcassets */,
				DEDC72B02C088415006ED1F1 /* Preview Content */,
			);
			path = "voodoo-gdpr-sp-sample-ios";
			sourceTree = "<group>";
		};
		DEDC72B02C088415006ED1F1 /* Preview Content */ = {
			isa = PBXGroup;
			children = (
				DEDC72B12C088415006ED1F1 /* Preview Assets.xcassets */,
			);
			path = "Preview Content";
			sourceTree = "<group>";
		};
		DEDC72B82C088423006ED1F1 /* Privacy */ = {
			isa = PBXGroup;
			children = (
				DEDC72BC2C088432006ED1F1 /* PrivacyManager.swift */,
				DEDC72CF2C08D148006ED1F1 /* PrivacyLanguageMapper.swift */,
				1379EC312C0A03A300142B8D /* PrivacyPurpose.swift */,
				DEDC72B92C088432006ED1F1 /* PrivacyATTManager.swift */,
				DEDC72BB2C088432006ED1F1 /* PrivacyConsent.swift */,
				1379EC2E2C09FFE800142B8D /* View */,
			);
			path = Privacy;
			sourceTree = "<group>";
		};
		E0CC3C3748AB47C50E976532 /* Frameworks */ = {
			isa = PBXGroup;
			children = (
				E28CC5A6615CCCFAA2D5B737 /* libPods-voodoo-gdpr-sp-sample-ios.a */,
			);
			name = Frameworks;
			sourceTree = "<group>";
		};
/* End PBXGroup section */

/* Begin PBXNativeTarget section */
		DEDC72A62C088413006ED1F1 /* voodoo-gdpr-sp-sample-ios */ = {
			isa = PBXNativeTarget;
			buildConfigurationList = DEDC72B52C088415006ED1F1 /* Build configuration list for PBXNativeTarget "voodoo-gdpr-sp-sample-ios" */;
			buildPhases = (
				D1A7A1BCD966ADB873F8845B /* [CP] Check Pods Manifest.lock */,
				26AC3EE0E7CAE943CF8A2770 /* AppLovinQualityService Updater */,
				8F0F348C2D7B3DECB9ED59DE /* AppLovinQualityService Embed Framework */,
				DEDC72A32C088413006ED1F1 /* Sources */,
				DEDC72A42C088413006ED1F1 /* Frameworks */,
				DEDC72A52C088413006ED1F1 /* Resources */,
				0FC48CCB4974497F82AD0261 /* [CP] Embed Pods Frameworks */,
				0F8F38A2A1704114F19D6C90 /* [CP] Copy Pods Resources */,
				B0AB0F6EE708E2E4E48B4411 /* AppLovinQualityService */,
			);
			buildRules = (
			);
			dependencies = (
			);
			name = "voodoo-gdpr-sp-sample-ios";
			packageProductDependencies = (
			);
			productName = "voodoo-gdpr-sp-sample-ios";
			productReference = DEDC72A72C088413006ED1F1 /* voodoo-gdpr-sp-sample-ios.app */;
			productType = "com.apple.product-type.application";
		};
/* End PBXNativeTarget section */

/* Begin PBXProject section */
		DEDC729F2C088413006ED1F1 /* Project object */ = {
			isa = PBXProject;
			attributes = {
				BuildIndependentTargetsInParallel = 1;
				LastSwiftUpdateCheck = 1520;
				LastUpgradeCheck = 1520;
				TargetAttributes = {
					DEDC72A62C088413006ED1F1 = {
						CreatedOnToolsVersion = 15.2;
					};
				};
			};
			buildConfigurationList = DEDC72A22C088413006ED1F1 /* Build configuration list for PBXProject "voodoo-gdpr-sp-sample-ios" */;
			compatibilityVersion = "Xcode 14.0";
			developmentRegion = en;
			hasScannedForEncodings = 0;
			knownRegions = (
				en,
				Base,
			);
			mainGroup = DEDC729E2C088413006ED1F1;
			packageReferences = (
			);
			productRefGroup = DEDC72A82C088413006ED1F1 /* Products */;
			projectDirPath = "";
			projectRoot = "";
			targets = (
				DEDC72A62C088413006ED1F1 /* voodoo-gdpr-sp-sample-ios */,
			);
		};
/* End PBXProject section */

/* Begin PBXResourcesBuildPhase section */
		DEDC72A52C088413006ED1F1 /* Resources */ = {
			isa = PBXResourcesBuildPhase;
			buildActionMask = 2147483647;
			files = (
				DEDC72B22C088415006ED1F1 /* Preview Assets.xcassets in Resources */,
				DEDC72AF2C088415006ED1F1 /* Assets.xcassets in Resources */,
			);
			runOnlyForDeploymentPostprocessing = 0;
		};
/* End PBXResourcesBuildPhase section */

/* Begin PBXShellScriptBuildPhase section */
		0F8F38A2A1704114F19D6C90 /* [CP] Copy Pods Resources */ = {
			isa = PBXShellScriptBuildPhase;
			buildActionMask = 2147483647;
			files = (
			);
			inputFileListPaths = (
				"${PODS_ROOT}/Target Support Files/Pods-voodoo-gdpr-sp-sample-ios/Pods-voodoo-gdpr-sp-sample-ios-resources-${CONFIGURATION}-input-files.xcfilelist",
			);
			name = "[CP] Copy Pods Resources";
			outputFileListPaths = (
				"${PODS_ROOT}/Target Support Files/Pods-voodoo-gdpr-sp-sample-ios/Pods-voodoo-gdpr-sp-sample-ios-resources-${CONFIGURATION}-output-files.xcfilelist",
			);
			runOnlyForDeploymentPostprocessing = 0;
			shellPath = /bin/sh;
			shellScript = "\"${PODS_ROOT}/Target Support Files/Pods-voodoo-gdpr-sp-sample-ios/Pods-voodoo-gdpr-sp-sample-ios-resources.sh\"\n";
			showEnvVarsInLog = 0;
		};
		0FC48CCB4974497F82AD0261 /* [CP] Embed Pods Frameworks */ = {
			isa = PBXShellScriptBuildPhase;
			buildActionMask = 2147483647;
			files = (
			);
			inputFileListPaths = (
				"${PODS_ROOT}/Target Support Files/Pods-voodoo-gdpr-sp-sample-ios/Pods-voodoo-gdpr-sp-sample-ios-frameworks-${CONFIGURATION}-input-files.xcfilelist",
			);
			name = "[CP] Embed Pods Frameworks";
			outputFileListPaths = (
				"${PODS_ROOT}/Target Support Files/Pods-voodoo-gdpr-sp-sample-ios/Pods-voodoo-gdpr-sp-sample-ios-frameworks-${CONFIGURATION}-output-files.xcfilelist",
			);
			runOnlyForDeploymentPostprocessing = 0;
			shellPath = /bin/sh;
			shellScript = "\"${PODS_ROOT}/Target Support Files/Pods-voodoo-gdpr-sp-sample-ios/Pods-voodoo-gdpr-sp-sample-ios-frameworks.sh\"\n";
			showEnvVarsInLog = 0;
		};
		26AC3EE0E7CAE943CF8A2770 /* AppLovinQualityService Updater */ = {
			isa = PBXShellScriptBuildPhase;
			alwaysOutOfDate = 1;
			buildActionMask = 2147483647;
			files = (
			);
			inputPaths = (
			);
			name = "AppLovinQualityService Updater";
			outputPaths = (
				AppLovinQualityService/AppLovinQualityServicePlugin.app,
			);
			runOnlyForDeploymentPostprocessing = 0;
			shellPath = /bin/sh;
			shellScript = "ruby \"AppLovinQualityServiceSetup-ios.rb\" update";
		};
		B0AB0F6EE708E2E4E48B4411 /* AppLovinQualityService */ = {
			isa = PBXShellScriptBuildPhase;
			buildActionMask = 2147483647;
			files = (
			);
			inputPaths = (
				AppLovinQualityService/AppLovinQualityServicePlugin.app,
				AppLovinQualityService/AppLovinQualityServicePlugin.app/Contents/Info.plist,
				AppLovinQualityService/AppLovinQualityServicePlugin.app/Contents/MacOS/AppLovinQualityServicePlugin,
				AppLovinQualityService/AppLovinQualityServicePlugin.app/Contents/Resources,
				AppLovinQualityService/AppLovinQualityServicePlugin.app/Contents/Info.plist,
				AppLovinQualityService/AppLovinQualityServicePlugin.app/Contents/MacOS/AppLovinQualityServicePlugin,
				"$(TARGET_BUILD_DIR)/$(INFOPLIST_PATH)",
				"$(TARGET_BUILD_DIR)/$(EXECUTABLE_PATH)",
				"$(TARGET_BUILD_DIR)/$(FRAMEWORKS_FOLDER_PATH)/UnityFramework.framework/UnityFramework",
				"AppLovinQualityServiceSetup-ios.rb",
			);
			name = AppLovinQualityService;
			outputPaths = (
				"$(TARGET_BUILD_DIR)/$(EXECUTABLE_FOLDER_PATH)/.AppLovinQualityService/AppLovinQualityService.json",
				"$(TARGET_BUILD_DIR)/$(EXECUTABLE_FOLDER_PATH)/.AppLovinQualityService/AppLovinQualityServiceRanges.json",
			);
			runOnlyForDeploymentPostprocessing = 0;
			shellPath = /bin/sh;
			shellScript = "AppLovinQualityService/AppLovinQualityServicePlugin.app/Contents/MacOS/AppLovinQualityServicePlugin \"AppLovinQualityServiceSetup-ios.rb\"";
		};
		D1A7A1BCD966ADB873F8845B /* [CP] Check Pods Manifest.lock */ = {
			isa = PBXShellScriptBuildPhase;
			buildActionMask = 2147483647;
			files = (
			);
			inputFileListPaths = (
			);
			inputPaths = (
				"${PODS_PODFILE_DIR_PATH}/Podfile.lock",
				"${PODS_ROOT}/Manifest.lock",
			);
			name = "[CP] Check Pods Manifest.lock";
			outputFileListPaths = (
			);
			outputPaths = (
				"$(DERIVED_FILE_DIR)/Pods-voodoo-gdpr-sp-sample-ios-checkManifestLockResult.txt",
			);
			runOnlyForDeploymentPostprocessing = 0;
			shellPath = /bin/sh;
			shellScript = "diff \"${PODS_PODFILE_DIR_PATH}/Podfile.lock\" \"${PODS_ROOT}/Manifest.lock\" > /dev/null\nif [ $? != 0 ] ; then\n    # print error to STDERR\n    echo \"error: The sandbox is not in sync with the Podfile.lock. Run 'pod install' or update your CocoaPods installation.\" >&2\n    exit 1\nfi\n# This output is used by Xcode 'outputs' to avoid re-running this script phase.\necho \"SUCCESS\" > \"${SCRIPT_OUTPUT_FILE_0}\"\n";
			showEnvVarsInLog = 0;
		};
/* End PBXShellScriptBuildPhase section */

/* Begin PBXSourcesBuildPhase section */
		DEDC72A32C088413006ED1F1 /* Sources */ = {
			isa = PBXSourcesBuildPhase;
			buildActionMask = 2147483647;
			files = (
				DEDC72C92C0884CC006ED1F1 /* AppDelegate.swift in Sources */,
				DEDC72C12C088432006ED1F1 /* PrivacyManager.swift in Sources */,
				1379EC272C09FD9700142B8D /* MRECAdView.swift in Sources */,
				1379EC322C0A03A300142B8D /* PrivacyPurpose.swift in Sources */,
				1379EC2D2C09FD9700142B8D /* AdInitializer.swift in Sources */,
				DEDC72BE2C088432006ED1F1 /* PrivacyATTManager.swift in Sources */,
				1379EC252C09FD9700142B8D /* NativeAd.swift in Sources */,
				1379EC222C09FD9700142B8D /* SessionUserInformation.swift in Sources */,
				DEDC72CC2C088506006ED1F1 /* ConsentViewControllerRepresentable.swift in Sources */,
				1379EC242C09FD9700142B8D /* MRECMAadClient.swift in Sources */,
				1379EC212C09FD9700142B8D /* MAadClientBase.swift in Sources */,
				DEDC72D02C08D148006ED1F1 /* PrivacyLanguageMapper.swift in Sources */,
				1379EC202C09FD9700142B8D /* MAad.swift in Sources */,
				1379EC282C09FD9700142B8D /* NativeAdView.swift in Sources */,
				DEDC72AD2C088413006ED1F1 /* ContentView.swift in Sources */,
				1379EC262C09FD9700142B8D /* NativeMAadClient.swift in Sources */,
				1379EC2A2C09FD9700142B8D /* AdClient.swift in Sources */,
				DEDC72C02C088432006ED1F1 /* PrivacyConsent.swift in Sources */,
				1379EC302C0A038300142B8D /* Config.swift in Sources */,
				1379EC292C09FD9700142B8D /* AdAnalytics.swift in Sources */,
				1379EC2C2C09FD9700142B8D /* AdCoordinator.swift in Sources */,
				1379EC232C09FD9700142B8D /* MRECAd.swift in Sources */,
			);
			runOnlyForDeploymentPostprocessing = 0;
		};
/* End PBXSourcesBuildPhase section */

/* Begin XCBuildConfiguration section */
		DEDC72B32C088415006ED1F1 /* Debug */ = {
			isa = XCBuildConfiguration;
			buildSettings = {
				ALWAYS_SEARCH_USER_PATHS = NO;
				ASSETCATALOG_COMPILER_GENERATE_SWIFT_ASSET_SYMBOL_EXTENSIONS = YES;
				CLANG_ANALYZER_NONNULL = YES;
				CLANG_ANALYZER_NUMBER_OBJECT_CONVERSION = YES_AGGRESSIVE;
				CLANG_CXX_LANGUAGE_STANDARD = "gnu++20";
				CLANG_ENABLE_MODULES = YES;
				CLANG_ENABLE_OBJC_ARC = YES;
				CLANG_ENABLE_OBJC_WEAK = YES;
				CLANG_WARN_BLOCK_CAPTURE_AUTORELEASING = YES;
				CLANG_WARN_BOOL_CONVERSION = YES;
				CLANG_WARN_COMMA = YES;
				CLANG_WARN_CONSTANT_CONVERSION = YES;
				CLANG_WARN_DEPRECATED_OBJC_IMPLEMENTATIONS = YES;
				CLANG_WARN_DIRECT_OBJC_ISA_USAGE = YES_ERROR;
				CLANG_WARN_DOCUMENTATION_COMMENTS = YES;
				CLANG_WARN_EMPTY_BODY = YES;
				CLANG_WARN_ENUM_CONVERSION = YES;
				CLANG_WARN_INFINITE_RECURSION = YES;
				CLANG_WARN_INT_CONVERSION = YES;
				CLANG_WARN_NON_LITERAL_NULL_CONVERSION = YES;
				CLANG_WARN_OBJC_IMPLICIT_RETAIN_SELF = YES;
				CLANG_WARN_OBJC_LITERAL_CONVERSION = YES;
				CLANG_WARN_OBJC_ROOT_CLASS = YES_ERROR;
				CLANG_WARN_QUOTED_INCLUDE_IN_FRAMEWORK_HEADER = YES;
				CLANG_WARN_RANGE_LOOP_ANALYSIS = YES;
				CLANG_WARN_STRICT_PROTOTYPES = YES;
				CLANG_WARN_SUSPICIOUS_MOVE = YES;
				CLANG_WARN_UNGUARDED_AVAILABILITY = YES_AGGRESSIVE;
				CLANG_WARN_UNREACHABLE_CODE = YES;
				CLANG_WARN__DUPLICATE_METHOD_MATCH = YES;
				COPY_PHASE_STRIP = NO;
				DEBUG_INFORMATION_FORMAT = dwarf;
				ENABLE_STRICT_OBJC_MSGSEND = YES;
				ENABLE_TESTABILITY = YES;
				ENABLE_USER_SCRIPT_SANDBOXING = YES;
				FRAMEWORK_SEARCH_PATHS = (
					"$(inherited)",
					"$(PROJECT_DIR)/AppLovinQualityService",
				);
				GCC_C_LANGUAGE_STANDARD = gnu17;
				GCC_DYNAMIC_NO_PIC = NO;
				GCC_NO_COMMON_BLOCKS = YES;
				GCC_OPTIMIZATION_LEVEL = 0;
				GCC_PREPROCESSOR_DEFINITIONS = (
					"DEBUG=1",
					"$(inherited)",
				);
				GCC_WARN_64_TO_32_BIT_CONVERSION = YES;
				GCC_WARN_ABOUT_RETURN_TYPE = YES_ERROR;
				GCC_WARN_UNDECLARED_SELECTOR = YES;
				GCC_WARN_UNINITIALIZED_AUTOS = YES_AGGRESSIVE;
				GCC_WARN_UNUSED_FUNCTION = YES;
				GCC_WARN_UNUSED_VARIABLE = YES;
				IPHONEOS_DEPLOYMENT_TARGET = 17.2;
				LOCALIZATION_PREFERS_STRING_CATALOGS = YES;
				MTL_ENABLE_DEBUG_INFO = INCLUDE_SOURCE;
				MTL_FAST_MATH = YES;
				ONLY_ACTIVE_ARCH = YES;
				SDKROOT = iphoneos;
				SWIFT_ACTIVE_COMPILATION_CONDITIONS = "DEBUG $(inherited)";
				SWIFT_OPTIMIZATION_LEVEL = "-Onone";
			};
			name = Debug;
		};
		DEDC72B42C088415006ED1F1 /* Release */ = {
			isa = XCBuildConfiguration;
			buildSettings = {
				ALWAYS_SEARCH_USER_PATHS = NO;
				ASSETCATALOG_COMPILER_GENERATE_SWIFT_ASSET_SYMBOL_EXTENSIONS = YES;
				CLANG_ANALYZER_NONNULL = YES;
				CLANG_ANALYZER_NUMBER_OBJECT_CONVERSION = YES_AGGRESSIVE;
				CLANG_CXX_LANGUAGE_STANDARD = "gnu++20";
				CLANG_ENABLE_MODULES = YES;
				CLANG_ENABLE_OBJC_ARC = YES;
				CLANG_ENABLE_OBJC_WEAK = YES;
				CLANG_WARN_BLOCK_CAPTURE_AUTORELEASING = YES;
				CLANG_WARN_BOOL_CONVERSION = YES;
				CLANG_WARN_COMMA = YES;
				CLANG_WARN_CONSTANT_CONVERSION = YES;
				CLANG_WARN_DEPRECATED_OBJC_IMPLEMENTATIONS = YES;
				CLANG_WARN_DIRECT_OBJC_ISA_USAGE = YES_ERROR;
				CLANG_WARN_DOCUMENTATION_COMMENTS = YES;
				CLANG_WARN_EMPTY_BODY = YES;
				CLANG_WARN_ENUM_CONVERSION = YES;
				CLANG_WARN_INFINITE_RECURSION = YES;
				CLANG_WARN_INT_CONVERSION = YES;
				CLANG_WARN_NON_LITERAL_NULL_CONVERSION = YES;
				CLANG_WARN_OBJC_IMPLICIT_RETAIN_SELF = YES;
				CLANG_WARN_OBJC_LITERAL_CONVERSION = YES;
				CLANG_WARN_OBJC_ROOT_CLASS = YES_ERROR;
				CLANG_WARN_QUOTED_INCLUDE_IN_FRAMEWORK_HEADER = YES;
				CLANG_WARN_RANGE_LOOP_ANALYSIS = YES;
				CLANG_WARN_STRICT_PROTOTYPES = YES;
				CLANG_WARN_SUSPICIOUS_MOVE = YES;
				CLANG_WARN_UNGUARDED_AVAILABILITY = YES_AGGRESSIVE;
				CLANG_WARN_UNREACHABLE_CODE = YES;
				CLANG_WARN__DUPLICATE_METHOD_MATCH = YES;
				COPY_PHASE_STRIP = NO;
				DEBUG_INFORMATION_FORMAT = "dwarf-with-dsym";
				ENABLE_NS_ASSERTIONS = NO;
				ENABLE_STRICT_OBJC_MSGSEND = YES;
				ENABLE_USER_SCRIPT_SANDBOXING = YES;
				FRAMEWORK_SEARCH_PATHS = (
					"$(inherited)",
					"$(PROJECT_DIR)/AppLovinQualityService",
				);
				GCC_C_LANGUAGE_STANDARD = gnu17;
				GCC_NO_COMMON_BLOCKS = YES;
				GCC_WARN_64_TO_32_BIT_CONVERSION = YES;
				GCC_WARN_ABOUT_RETURN_TYPE = YES_ERROR;
				GCC_WARN_UNDECLARED_SELECTOR = YES;
				GCC_WARN_UNINITIALIZED_AUTOS = YES_AGGRESSIVE;
				GCC_WARN_UNUSED_FUNCTION = YES;
				GCC_WARN_UNUSED_VARIABLE = YES;
				IPHONEOS_DEPLOYMENT_TARGET = 17.2;
				LOCALIZATION_PREFERS_STRING_CATALOGS = YES;
				MTL_ENABLE_DEBUG_INFO = NO;
				MTL_FAST_MATH = YES;
				SDKROOT = iphoneos;
				SWIFT_COMPILATION_MODE = wholemodule;
				VALIDATE_PRODUCT = YES;
			};
			name = Release;
		};
		DEDC72B62C088415006ED1F1 /* Debug */ = {
			isa = XCBuildConfiguration;
			baseConfigurationReference = FA0C026B4355D515B1CB9B10 /* Pods-voodoo-gdpr-sp-sample-ios.debug.xcconfig */;
			buildSettings = {
				ASSETCATALOG_COMPILER_APPICON_NAME = AppIcon;
				ASSETCATALOG_COMPILER_GLOBAL_ACCENT_COLOR_NAME = AccentColor;
				CODE_SIGN_STYLE = Automatic;
				CURRENT_PROJECT_VERSION = 1;
				DEVELOPMENT_ASSET_PATHS = "\"voodoo-gdpr-sp-sample-ios/Preview Content\"";
				DEVELOPMENT_TEAM = QNV8T6GK4F;
				ENABLE_PREVIEWS = YES;
				ENABLE_USER_SCRIPT_SANDBOXING = NO;
				FRAMEWORK_SEARCH_PATHS = (
					"$(inherited)",
					"$(inherited)",
				);
				GENERATE_INFOPLIST_FILE = YES;
				INFOPLIST_FILE = "voodoo-gdpr-sp-sample-ios/Info.plist";
				INFOPLIST_KEY_NSUserTrackingUsageDescription = "This identifier will be used to deliver personalized ads to you.";
				INFOPLIST_KEY_UIApplicationSupportsIndirectInputEvents = YES;
				INFOPLIST_KEY_UILaunchScreen_Generation = YES;
				INFOPLIST_KEY_UISupportedInterfaceOrientations_iPad = "UIInterfaceOrientationPortrait UIInterfaceOrientationPortraitUpsideDown UIInterfaceOrientationLandscapeLeft UIInterfaceOrientationLandscapeRight";
				INFOPLIST_KEY_UISupportedInterfaceOrientations_iPhone = UIInterfaceOrientationPortrait;
				LD_RUNPATH_SEARCH_PATHS = (
					"$(inherited)",
					"@executable_path/Frameworks",
				);
				MARKETING_VERSION = 1.0;
				OTHER_LDFLAGS = (
					"$(inherited)",
					"-ObjC",
				);
				PRODUCT_BUNDLE_IDENTIFIER = io.voodoo.apps.ads;
				PRODUCT_NAME = "$(TARGET_NAME)";
				SWIFT_EMIT_LOC_STRINGS = YES;
				SWIFT_VERSION = 5.0;
				TARGETED_DEVICE_FAMILY = "1,2";
			};
			name = Debug;
		};
		DEDC72B72C088415006ED1F1 /* Release */ = {
			isa = XCBuildConfiguration;
			baseConfigurationReference = 361327BF6DD735930DEEB2D3 /* Pods-voodoo-gdpr-sp-sample-ios.release.xcconfig */;
			buildSettings = {
				ASSETCATALOG_COMPILER_APPICON_NAME = AppIcon;
				ASSETCATALOG_COMPILER_GLOBAL_ACCENT_COLOR_NAME = AccentColor;
				CODE_SIGN_STYLE = Automatic;
				CURRENT_PROJECT_VERSION = 1;
				DEVELOPMENT_ASSET_PATHS = "\"voodoo-gdpr-sp-sample-ios/Preview Content\"";
				DEVELOPMENT_TEAM = QNV8T6GK4F;
				ENABLE_PREVIEWS = YES;
				ENABLE_USER_SCRIPT_SANDBOXING = NO;
				FRAMEWORK_SEARCH_PATHS = (
					"$(inherited)",
					"$(inherited)",
				);
				GENERATE_INFOPLIST_FILE = YES;
				INFOPLIST_FILE = "voodoo-gdpr-sp-sample-ios/Info.plist";
				INFOPLIST_KEY_NSUserTrackingUsageDescription = "This identifier will be used to deliver personalized ads to you.";
				INFOPLIST_KEY_UIApplicationSupportsIndirectInputEvents = YES;
				INFOPLIST_KEY_UILaunchScreen_Generation = YES;
				INFOPLIST_KEY_UISupportedInterfaceOrientations_iPad = "UIInterfaceOrientationPortrait UIInterfaceOrientationPortraitUpsideDown UIInterfaceOrientationLandscapeLeft UIInterfaceOrientationLandscapeRight";
				INFOPLIST_KEY_UISupportedInterfaceOrientations_iPhone = UIInterfaceOrientationPortrait;
				LD_RUNPATH_SEARCH_PATHS = (
					"$(inherited)",
					"@executable_path/Frameworks",
				);
				MARKETING_VERSION = 1.0;
				OTHER_LDFLAGS = (
					"$(inherited)",
					"-ObjC",
				);
				PRODUCT_BUNDLE_IDENTIFIER = io.voodoo.apps.ads;
				PRODUCT_NAME = "$(TARGET_NAME)";
				SWIFT_EMIT_LOC_STRINGS = YES;
				SWIFT_VERSION = 5.0;
				TARGETED_DEVICE_FAMILY = "1,2";
			};
			name = Release;
		};
/* End XCBuildConfiguration section */

/* Begin XCConfigurationList section */
		DEDC72A22C088413006ED1F1 /* Build configuration list for PBXProject "voodoo-gdpr-sp-sample-ios" */ = {
			isa = XCConfigurationList;
			buildConfigurations = (
				DEDC72B32C088415006ED1F1 /* Debug */,
				DEDC72B42C088415006ED1F1 /* Release */,
			);
			defaultConfigurationIsVisible = 0;
			defaultConfigurationName = Release;
		};
		DEDC72B52C088415006ED1F1 /* Build configuration list for PBXNativeTarget "voodoo-gdpr-sp-sample-ios" */ = {
			isa = XCConfigurationList;
			buildConfigurations = (
				DEDC72B62C088415006ED1F1 /* Debug */,
				DEDC72B72C088415006ED1F1 /* Release */,
			);
			defaultConfigurationIsVisible = 0;
			defaultConfigurationName = Release;
		};
/* End XCConfigurationList section */
	};
	rootObject = DEDC729F2C088413006ED1F1 /* Project object */;
}
